PODS:
  - APIKit (2.0.4):
    - Result (~> 2.1.1)
  - CarbonKit (2.1.8)
  - DropDown (1.0.1)
  - JTMaterialTransition (1.0.5)
  - Kingfisher (2.4.1)
  - Material (1.42.5)
  - MobileVLCKit-unstable (3.0.0a7)
  - ObjectMapper (1.3.0)
  - Realm (1.0.1):
    - Realm/Headers (= 1.0.1)
  - Realm/Headers (1.0.1)
  - RealmSwift (1.0.1):
    - Realm (= 1.0.1)
  - Result (2.1.2)
  - SpringIndicator (1.2.1)
  - StatefulViewController (1.1)
  - StretchHeader (1.0.4)

DEPENDENCIES:
  - APIKit (~> 2.0)
  - CarbonKit (~> 2.1)
  - DropDown (~> 1.0)
  - JTMaterialTransition (~> 1.0)
  - Kingfisher (~> 2.4)
  - Material (~> 1.42)
  - MobileVLCKit-unstable (~> 3.0.0a)
  - ObjectMapper (~> 1.3)
  - RealmSwift (~> 1.0)
  - SpringIndicator (~> 1.2)
  - StatefulViewController (~> 1.1)
  - StretchHeader (~> 1.0)

SPEC CHECKSUMS:
  APIKit: 08089ab5da33faece57dfecc4bfe787a731e218b
  CarbonKit: 95d78a09889cc05e36537dd08ec5d73dd55edba4
  DropDown: 335df9e9547e97a861a60aed8448821e239d3513
  JTMaterialTransition: 7b2a19927baa47e42312df941cbc5132dc4484ca
  Kingfisher: 41aed5b6c1ed8fa98cf6d75283ce89cf7890f517
  Material: 3f492c9f804f3d00915d1ab633ad18d0f5b98422
  MobileVLCKit-unstable: 1f1158543ff25279fe01cfb651e527ae28cc0978
  ObjectMapper: 4eb08a726e9791a93b2632049951b56a7c17e471
  Realm: 2e15e39d35b08abb529e212ed5d8af107b5236c8
  RealmSwift: d73ea2af08c3676dbdd5e4b669651a0f492162a4
  Result: 6e722d4a66b1408680dbfcdf51c0b1c4b706316a
  SpringIndicator: 2e66169e2595c00cc3ab34329d6bdbeab90680f0
  StatefulViewController: 396f6d25676680a5c0503143cca55be23ab8c362
  StretchHeader: abf0d6a795e8e7bf4000752c65c85bf274686f41

PODFILE CHECKSUM: 5210bc14f1d3fd08b5db2e52a709f2d87c65237e

COCOAPODS: 1.0.1
